
Microsoft Visual Studio Solution File, Format Version 12.00
# Visual Studio Version 16
VisualStudioVersion = 16.0.30114.105
MinimumVisualStudioVersion = 10.0.40219.1
Project("{FAE04EC0-301F-11D3-BF4B-00C04F79EFBC}") = "DbController", "DbController\DbController.csproj", "{0DADC61A-76F5-4EE1-AE24-2795958B7FD4}"
EndProject
Project("{FAE04EC0-301F-11D3-BF4B-00C04F79EFBC}") = "DbCommon", "DbCommon\DbCommon.csproj", "{06709CDC-F9B6-465B-872C-940BA99E4151}"
EndProject
Project("{FAE04EC0-301F-11D3-BF4B-00C04F79EFBC}") = "DbService", "DbService\DbService.csproj", "{3D67BEAD-8287-4013-AFAD-2E37E182C4EA}"
EndProject
Global
	GlobalSection(SolutionConfigurationPlatforms) = preSolution
		Debug|Any CPU = Debug|Any CPU
		Release|Any CPU = Release|Any CPU
	EndGlobalSection
	GlobalSection(ProjectConfigurationPlatforms) = postSolution
		{0DADC61A-76F5-4EE1-AE24-2795958B7FD4}.Debug|Any CPU.ActiveCfg = Debug|Any CPU
		{0DADC61A-76F5-4EE1-AE24-2795958B7FD4}.Debug|Any CPU.Build.0 = Debug|Any CPU
		{0DADC61A-76F5-4EE1-AE24-2795958B7FD4}.Release|Any CPU.ActiveCfg = Release|Any CPU
		{0DADC61A-76F5-4EE1-AE24-2795958B7FD4}.Release|Any CPU.Build.0 = Release|Any CPU
		{06709CDC-F9B6-465B-872C-940BA99E4151}.Debug|Any CPU.ActiveCfg = Debug|Any CPU
		{06709CDC-F9B6-465B-872C-940BA99E4151}.Debug|Any CPU.Build.0 = Debug|Any CPU
		{06709CDC-F9B6-465B-872C-940BA99E4151}.Release|Any CPU.ActiveCfg = Release|Any CPU
		{06709CDC-F9B6-465B-872C-940BA99E4151}.Release|Any CPU.Build.0 = Release|Any CPU
		{3D67BEAD-8287-4013-AFAD-2E37E182C4EA}.Debug|Any CPU.ActiveCfg = Debug|Any CPU
		{3D67BEAD-8287-4013-AFAD-2E37E182C4EA}.Debug|Any CPU.Build.0 = Debug|Any CPU
		{3D67BEAD-8287-4013-AFAD-2E37E182C4EA}.Release|Any CPU.ActiveCfg = Release|Any CPU
		{3D67BEAD-8287-4013-AFAD-2E37E182C4EA}.Release|Any CPU.Build.0 = Release|Any CPU
	EndGlobalSection
	GlobalSection(SolutionProperties) = preSolution
		HideSolutionNode = FALSE
	EndGlobalSection
	GlobalSection(ExtensibilityGlobals) = postSolution
		SolutionGuid = {2F172FDB-4ECB-44E9-9E55-F47FD2B69C6F}
	EndGlobalSection
EndGlobal
